// !$*UTF8*$!
{
	archiveVersion = 1;
	classes = {
	};
	objectVersion = 50;
	objects = {

/* Begin PBXBuildFile section */
		3B2874F625893B4900573289 /* ColorRoundedRectangleView.swift in Sources */ = {isa = PBXBuildFile; fileRef = 3B2874F525893B4900573289 /* ColorRoundedRectangleView.swift */; };
		3B2874F925893BB600573289 /* ColorStackView.swift in Sources */ = {isa = PBXBuildFile; fileRef = 3B2874F825893BB600573289 /* ColorStackView.swift */; };
		3B2874FC25893FE900573289 /* ColorTextFieldView.swift in Sources */ = {isa = PBXBuildFile; fileRef = 3B2874FB25893FE900573289 /* ColorTextFieldView.swift */; };
		3B6D8CC825880D86008201EF /* ColorizedSwiftUIApp.swift in Sources */ = {isa = PBXBuildFile; fileRef = 3B6D8CC725880D86008201EF /* ColorizedSwiftUIApp.swift */; };
		3B6D8CCA25880D86008201EF /* ColorizedView.swift in Sources */ = {isa = PBXBuildFile; fileRef = 3B6D8CC925880D86008201EF /* ColorizedView.swift */; };
		3B6D8CCC25880D87008201EF /* Assets.xcassets in Resources */ = {isa = PBXBuildFile; fileRef = 3B6D8CCB25880D87008201EF /* Assets.xcassets */; };
		3B6D8CCF25880D87008201EF /* Preview Assets.xcassets in Resources */ = {isa = PBXBuildFile; fileRef = 3B6D8CCE25880D87008201EF /* Preview Assets.xcassets */; };
/* End PBXBuildFile section */

/* Begin PBXFileReference section */
		3B2874F525893B4900573289 /* ColorRoundedRectangleView.swift */ = {isa = PBXFileReference; lastKnownFileType = sourcecode.swift; path = ColorRoundedRectangleView.swift; sourceTree = "<group>"; };
		3B2874F825893BB600573289 /* ColorStackView.swift */ = {isa = PBXFileReference; lastKnownFileType = sourcecode.swift; path = ColorStackView.swift; sourceTree = "<group>"; };
		3B2874FB25893FE900573289 /* ColorTextFieldView.swift */ = {isa = PBXFileReference; lastKnownFileType = sourcecode.swift; path = ColorTextFieldView.swift; sourceTree = "<group>"; };
		3B6D8CC425880D86008201EF /* ColorizedSwiftUI.app */ = {isa = PBXFileReference; explicitFileType = wrapper.application; includeInIndex = 0; path = ColorizedSwiftUI.app; sourceTree = BUILT_PRODUCTS_DIR; };
		3B6D8CC725880D86008201EF /* ColorizedSwiftUIApp.swift */ = {isa = PBXFileReference; lastKnownFileType = sourcecode.swift; path = ColorizedSwiftUIApp.swift; sourceTree = "<group>"; };
		3B6D8CC925880D86008201EF /* ColorizedView.swift */ = {isa = PBXFileReference; lastKnownFileType = sourcecode.swift; path = ColorizedView.swift; sourceTree = "<group>"; };
		3B6D8CCB25880D87008201EF /* Assets.xcassets */ = {isa = PBXFileReference; lastKnownFileType = folder.assetcatalog; path = Assets.xcassets; sourceTree = "<group>"; };
		3B6D8CCE25880D87008201EF /* Preview Assets.xcassets */ = {isa = PBXFileReference; lastKnownFileType = folder.assetcatalog; path = "Preview Assets.xcassets"; sourceTree = "<group>"; };
		3B6D8CD025880D87008201EF /* Info.plist */ = {isa = PBXFileReference; lastKnownFileType = text.plist.xml; path = Info.plist; sourceTree = "<group>"; };
/* End PBXFileReference section */

/* Begin PBXFrameworksBuildPhase section */
		3B6D8CC125880D86008201EF /* Frameworks */ = {
			isa = PBXFrameworksBuildPhase;
			buildActionMask = 2147483647;
			files = (
			);
			runOnlyForDeploymentPostprocessing = 0;
		};
/* End PBXFrameworksBuildPhase section */

/* Begin PBXGroup section */
		3B287500258940F200573289 /* Content Views */ = {
			isa = PBXGroup;
			children = (
				3B6D8CC925880D86008201EF /* ColorizedView.swift */,
				3B2874F525893B4900573289 /* ColorRoundedRectangleView.swift */,
				3B2874F825893BB600573289 /* ColorStackView.swift */,
				3B2874FB25893FE900573289 /* ColorTextFieldView.swift */,
			);
			path = "Content Views";
			sourceTree = "<group>";
		};
		3B2875022589410400573289 /* Supporting File */ = {
			isa = PBXGroup;
			children = (
				3B6D8CD025880D87008201EF /* Info.plist */,
			);
			path = "Supporting File";
			sourceTree = "<group>";
		};
		3B2875032589411A00573289 /* Resource */ = {
			isa = PBXGroup;
			children = (
				3B6D8CCB25880D87008201EF /* Assets.xcassets */,
			);
			path = Resource;
			sourceTree = "<group>";
		};
		3B6D8CBB25880D86008201EF = {
			isa = PBXGroup;
			children = (
				3B6D8CC625880D86008201EF /* ColorizedSwiftUI */,
				3B6D8CC525880D86008201EF /* Products */,
			);
			sourceTree = "<group>";
		};
		3B6D8CC525880D86008201EF /* Products */ = {
			isa = PBXGroup;
			children = (
				3B6D8CC425880D86008201EF /* ColorizedSwiftUI.app */,
			);
			name = Products;
			sourceTree = "<group>";
		};
		3B6D8CC625880D86008201EF /* ColorizedSwiftUI */ = {
			isa = PBXGroup;
			children = (
				3B6D8CC725880D86008201EF /* ColorizedSwiftUIApp.swift */,
				3B287500258940F200573289 /* Content Views */,
				3B2875032589411A00573289 /* Resource */,
				3B2875022589410400573289 /* Supporting File */,
				3B6D8CCD25880D87008201EF /* Preview Content */,
			);
			path = ColorizedSwiftUI;
			sourceTree = "<group>";
		};
		3B6D8CCD25880D87008201EF /* Preview Content */ = {
			isa = PBXGroup;
			children = (
				3B6D8CCE25880D87008201EF /* Preview Assets.xcassets */,
			);
			path = "Preview Content";
			sourceTree = "<group>";
		};
/* End PBXGroup section */

/* Begin PBXNativeTarget section */
		3B6D8CC325880D86008201EF /* ColorizedSwiftUI */ = {
			isa = PBXNativeTarget;
			buildConfigurationList = 3B6D8CD325880D87008201EF /* Build configuration list for PBXNativeTarget "ColorizedSwiftUI" */;
			buildPhases = (
				3B6D8CC025880D86008201EF /* Sources */,
				3B6D8CC125880D86008201EF /* Frameworks */,
				3B6D8CC225880D86008201EF /* Resources */,
			);
			buildRules = (
			);
			dependencies = (
			);
			name = ColorizedSwiftUI;
			productName = ColorizedSwiftUI;
			productReference = 3B6D8CC425880D86008201EF /* ColorizedSwiftUI.app */;
			productType = "com.apple.product-type.application";
		};
/* End PBXNativeTarget section */

/* Begin PBXProject section */
		3B6D8CBC25880D86008201EF /* Project object */ = {
			isa = PBXProject;
			attributes = {
				LastSwiftUpdateCheck = 1220;
				LastUpgradeCheck = 1220;
				TargetAttributes = {
					3B6D8CC325880D86008201EF = {
						CreatedOnToolsVersion = 12.2;
					};
				};
			};
			buildConfigurationList = 3B6D8CBF25880D86008201EF /* Build configuration list for PBXProject "ColorizedSwiftUI" */;
			compatibilityVersion = "Xcode 9.3";
			developmentRegion = en;
			hasScannedForEncodings = 0;
			knownRegions = (
				en,
				Base,
			);
			mainGroup = 3B6D8CBB25880D86008201EF;
			productRefGroup = 3B6D8CC525880D86008201EF /* Products */;
			projectDirPath = "";
			projectRoot = "";
			targets = (
				3B6D8CC325880D86008201EF /* ColorizedSwiftUI */,
			);
		};
/* End PBXProject section */

/* Begin PBXResourcesBuildPhase section */
		3B6D8CC225880D86008201EF /* Resources */ = {
			isa = PBXResourcesBuildPhase;
			buildActionMask = 2147483647;
			files = (
				3B6D8CCF25880D87008201EF /* Preview Assets.xcassets in Resources */,
				3B6D8CCC25880D87008201EF /* Assets.xcassets in Resources */,
			);
			runOnlyForDeploymentPostprocessing = 0;
		};
/* End PBXResourcesBuildPhase section */

/* Begin PBXSourcesBuildPhase section */
		3B6D8CC025880D86008201EF /* Sources */ = {
			isa = PBXSourcesBuildPhase;
			buildActionMask = 2147483647;
			files = (
				3B2874F625893B4900573289 /* ColorRoundedRectangleView.swift in Sources */,
				3B6D8CCA25880D86008201EF /* ColorizedView.swift in Sources */,
				3B6D8CC825880D86008201EF /* ColorizedSwiftUIApp.swift in Sources */,
				3B2874FC25893FE900573289 /* ColorTextFieldView.swift in Sources */,
				3B2874F925893BB600573289 /* ColorStackView.swift in Sources */,
			);
			runOnlyForDeploymentPostprocessing = 0;
		};
/* End PBXSourcesBuildPhase section */

/* Begin XCBuildConfiguration section */
		3B6D8CD125880D87008201EF /* Debug */ = {
			isa = XCBuildConfiguration;
			buildSettings = {
				ALWAYS_SEARCH_USER_PATHS = NO;
				CLANG_ANALYZER_NONNULL = YES;
				CLANG_ANALYZER_NUMBER_OBJECT_CONVERSION = YES_AGGRESSIVE;
				CLANG_CXX_LANGUAGE_STANDARD = "gnu++14";
				CLANG_CXX_LIBRARY = "libc++";
				CLANG_ENABLE_MODULES = YES;
				CLANG_ENABLE_OBJC_ARC = YES;
				CLANG_ENABLE_OBJC_WEAK = YES;
				CLANG_WARN_BLOCK_CAPTURE_AUTORELEASING = YES;
				CLANG_WARN_BOOL_CONVERSION = YES;
				CLANG_WARN_COMMA = YES;
				CLANG_WARN_CONSTANT_CONVERSION = YES;
				CLANG_WARN_DEPRECATED_OBJC_IMPLEMENTATIONS = YES;
				CLANG_WARN_DIRECT_OBJC_ISA_USAGE = YES_ERROR;
				CLANG_WARN_DOCUMENTATION_COMMENTS = YES;
				CLANG_WARN_EMPTY_BODY = YES;
				CLANG_WARN_ENUM_CONVERSION = YES;
				CLANG_WARN_INFINITE_RECURSION = YES;
				CLANG_WARN_INT_CONVERSION = YES;
				CLANG_WARN_NON_LITERAL_NULL_CONVERSION = YES;
				CLANG_WARN_OBJC_IMPLICIT_RETAIN_SELF = YES;
				CLANG_WARN_OBJC_LITERAL_CONVERSION = YES;
				CLANG_WARN_OBJC_ROOT_CLASS = YES_ERROR;
				CLANG_WARN_QUOTED_INCLUDE_IN_FRAMEWORK_HEADER = YES;
				CLANG_WARN_RANGE_LOOP_ANALYSIS = YES;
				CLANG_WARN_STRICT_PROTOTYPES = YES;
				CLANG_WARN_SUSPICIOUS_MOVE = YES;
				CLANG_WARN_UNGUARDED_AVAILABILITY = YES_AGGRESSIVE;
				CLANG_WARN_UNREACHABLE_CODE = YES;
				CLANG_WARN__DUPLICATE_METHOD_MATCH = YES;
				COPY_PHASE_STRIP = NO;
				DEBUG_INFORMATION_FORMAT = dwarf;
				ENABLE_STRICT_OBJC_MSGSEND = YES;
				ENABLE_TESTABILITY = YES;
				GCC_C_LANGUAGE_STANDARD = gnu11;
				GCC_DYNAMIC_NO_PIC = NO;
				GCC_NO_COMMON_BLOCKS = YES;
				GCC_OPTIMIZATION_LEVEL = 0;
				GCC_PREPROCESSOR_DEFINITIONS = (
					"DEBUG=1",
					"$(inherited)",
				);
				GCC_WARN_64_TO_32_BIT_CONVERSION = YES;
				GCC_WARN_ABOUT_RETURN_TYPE = YES_ERROR;
				GCC_WARN_UNDECLARED_SELECTOR = YES;
				GCC_WARN_UNINITIALIZED_AUTOS = YES_AGGRESSIVE;
				GCC_WARN_UNUSED_FUNCTION = YES;
				GCC_WARN_UNUSED_VARIABLE = YES;
				IPHONEOS_DEPLOYMENT_TARGET = 14.2;
				MTL_ENABLE_DEBUG_INFO = INCLUDE_SOURCE;
				MTL_FAST_MATH = YES;
				ONLY_ACTIVE_ARCH = YES;
				SDKROOT = iphoneos;
				SWIFT_ACTIVE_COMPILATION_CONDITIONS = DEBUG;
				SWIFT_OPTIMIZATION_LEVEL = "-Onone";
			};
			name = Debug;
		};
		3B6D8CD225880D87008201EF /* Release */ = {
			isa = XCBuildConfiguration;
			buildSettings = {
				ALWAYS_SEARCH_USER_PATHS = NO;
				CLANG_ANALYZER_NONNULL = YES;
				CLANG_ANALYZER_NUMBER_OBJECT_CONVERSION = YES_AGGRESSIVE;
				CLANG_CXX_LANGUAGE_STANDARD = "gnu++14";
				CLANG_CXX_LIBRARY = "libc++";
				CLANG_ENABLE_MODULES = YES;
				CLANG_ENABLE_OBJC_ARC = YES;
				CLANG_ENABLE_OBJC_WEAK = YES;
				CLANG_WARN_BLOCK_CAPTURE_AUTORELEASING = YES;
				CLANG_WARN_BOOL_CONVERSION = YES;
				CLANG_WARN_COMMA = YES;
				CLANG_WARN_CONSTANT_CONVERSION = YES;
				CLANG_WARN_DEPRECATED_OBJC_IMPLEMENTATIONS = YES;
				CLANG_WARN_DIRECT_OBJC_ISA_USAGE = YES_ERROR;
				CLANG_WARN_DOCUMENTATION_COMMENTS = YES;
				CLANG_WARN_EMPTY_BODY = YES;
				CLANG_WARN_ENUM_CONVERSION = YES;
				CLANG_WARN_INFINITE_RECURSION = YES;
				CLANG_WARN_INT_CONVERSION = YES;
				CLANG_WARN_NON_LITERAL_NULL_CONVERSION = YES;
				CLANG_WARN_OBJC_IMPLICIT_RETAIN_SELF = YES;
				CLANG_WARN_OBJC_LITERAL_CONVERSION = YES;
				CLANG_WARN_OBJC_ROOT_CLASS = YES_ERROR;
				CLANG_WARN_QUOTED_INCLUDE_IN_FRAMEWORK_HEADER = YES;
				CLANG_WARN_RANGE_LOOP_ANALYSIS = YES;
				CLANG_WARN_STRICT_PROTOTYPES = YES;
				CLANG_WARN_SUSPICIOUS_MOVE = YES;
				CLANG_WARN_UNGUARDED_AVAILABILITY = YES_AGGRESSIVE;
				CLANG_WARN_UNREACHABLE_CODE = YES;
				CLANG_WARN__DUPLICATE_METHOD_MATCH = YES;
				COPY_PHASE_STRIP = NO;
				DEBUG_INFORMATION_FORMAT = "dwarf-with-dsym";
				ENABLE_NS_ASSERTIONS = NO;
				ENABLE_STRICT_OBJC_MSGSEND = YES;
				GCC_C_LANGUAGE_STANDARD = gnu11;
				GCC_NO_COMMON_BLOCKS = YES;
				GCC_WARN_64_TO_32_BIT_CONVERSION = YES;
				GCC_WARN_ABOUT_RETURN_TYPE = YES_ERROR;
				GCC_WARN_UNDECLARED_SELECTOR = YES;
				GCC_WARN_UNINITIALIZED_AUTOS = YES_AGGRESSIVE;
				GCC_WARN_UNUSED_FUNCTION = YES;
				GCC_WARN_UNUSED_VARIABLE = YES;
				IPHONEOS_DEPLOYMENT_TARGET = 14.2;
				MTL_ENABLE_DEBUG_INFO = NO;
				MTL_FAST_MATH = YES;
				SDKROOT = iphoneos;
				SWIFT_COMPILATION_MODE = wholemodule;
				SWIFT_OPTIMIZATION_LEVEL = "-O";
				VALIDATE_PRODUCT = YES;
			};
			name = Release;
		};
		3B6D8CD425880D87008201EF /* Debug */ = {
			isa = XCBuildConfiguration;
			buildSettings = {
				ASSETCATALOG_COMPILER_APPICON_NAME = AppIcon;
				ASSETCATALOG_COMPILER_GLOBAL_ACCENT_COLOR_NAME = AccentColor;
				CODE_SIGN_STYLE = Automatic;
				DEVELOPMENT_ASSET_PATHS = "\"ColorizedSwiftUI/Preview Content\"";
				ENABLE_PREVIEWS = YES;
				INFOPLIST_FILE = "ColorizedSwiftUI/Supporting File/Info.plist";
				IPHONEOS_DEPLOYMENT_TARGET = 14.0;
				LD_RUNPATH_SEARCH_PATHS = (
					"$(inherited)",
					"@executable_path/Frameworks",
				);
				PRODUCT_BUNDLE_IDENTIFIER = ru.dmitry.ColorizedSwiftUI;
				PRODUCT_NAME = "$(TARGET_NAME)";
				SWIFT_VERSION = 5.0;
				TARGETED_DEVICE_FAMILY = "1,2";
			};
			name = Debug;
		};
		3B6D8CD525880D87008201EF /* Release */ = {
			isa = XCBuildConfiguration;
			buildSettings = {
				ASSETCATALOG_COMPILER_APPICON_NAME = AppIcon;
				ASSETCATALOG_COMPILER_GLOBAL_ACCENT_COLOR_NAME = AccentColor;
				CODE_SIGN_STYLE = Automatic;
				DEVELOPMENT_ASSET_PATHS = "\"ColorizedSwiftUI/Preview Content\"";
				ENABLE_PREVIEWS = YES;
				INFOPLIST_FILE = "ColorizedSwiftUI/Supporting File/Info.plist";
				IPHONEOS_DEPLOYMENT_TARGET = 14.0;
				LD_RUNPATH_SEARCH_PATHS = (
					"$(inherited)",
					"@executable_path/Frameworks",
				);
				PRODUCT_BUNDLE_IDENTIFIER = ru.dmitry.ColorizedSwiftUI;
				PRODUCT_NAME = "$(TARGET_NAME)";
				SWIFT_VERSION = 5.0;
				TARGETED_DEVICE_FAMILY = "1,2";
			};
			name = Release;
		};
/* End XCBuildConfiguration section */

/* Begin XCConfigurationList section */
		3B6D8CBF25880D86008201EF /* Build configuration list for PBXProject "ColorizedSwiftUI" */ = {
			isa = XCConfigurationList;
			buildConfigurations = (
				3B6D8CD125880D87008201EF /* Debug */,
				3B6D8CD225880D87008201EF /* Release */,
			);
			defaultConfigurationIsVisible = 0;
			defaultConfigurationName = Release;
		};
		3B6D8CD325880D87008201EF /* Build configuration list for PBXNativeTarget "ColorizedSwiftUI" */ = {
			isa = XCConfigurationList;
			buildConfigurations = (
				3B6D8CD425880D87008201EF /* Debug */,
				3B6D8CD525880D87008201EF /* Release */,
			);
			defaultConfigurationIsVisible = 0;
			defaultConfigurationName = Release;
		};
/* End XCConfigurationList section */
	};
	rootObject = 3B6D8CBC25880D86008201EF /* Project object */;
}
